lockfileVersion: '9.0'

settings:
  autoInstallPeers: true
  excludeLinksFromLockfile: false

importers:

  .:
    devDependencies:
      '@tsconfig/node-ts':
        specifier: ^23.6.2
        version: 23.6.2
      '@tsconfig/node22':
        specifier: ^22.0.5
        version: 22.0.5
      '@tsconfig/strictest':
        specifier: ^2.0.8
        version: 2.0.8
      '@types/node':
        specifier: ^24.10.1
        version: 24.10.1
      typescript:
        specifier: ^5.9.3
        version: 5.9.3

packages:

  '@tsconfig/node-ts@23.6.2':
    resolution: {integrity: sha512-WcU3KR3tHB8XMotRBpUEGfPLT3W0gAhrHcTxU7mNQ4N1+fwF3LbjpWP07TuhZtN5ehK3bcK/R4Zzqp7Pqd7Nqg==}

  '@tsconfig/node22@22.0.5':
    resolution: {integrity: sha512-hLf2ld+sYN/BtOJjHUWOk568dvjFQkHnLNa6zce25GIH+vxKfvTgm3qpaH6ToF5tu/NN0IH66s+Bb5wElHrLcw==}

  '@tsconfig/strictest@2.0.8':
    resolution: {integrity: sha512-XnQ7vNz5HRN0r88GYf1J9JJjqtZPiHt2woGJOo2dYqyHGGcd6OLGqSlBB6p1j9mpzja6Oe5BoPqWmeDx6X9rLw==}

  '@types/node@24.10.1':
    resolution: {integrity: sha512-GNWcUTRBgIRJD5zj+Tq0fKOJ5XZajIiBroOF0yvj2bSU1WvNdYS/dn9UxwsujGW4JX06dnHyjV2y9rRaybH0iQ==}

  typescript@5.9.3:
    resolution: {integrity: sha512-jl1vZzPDinLr9eUt3J/t7V6FgNEw9QjvBPdysz9KfQDD41fQrC2Y4vKQdiaUpFT4bXlb1RHhLpp8wtm6M5TgSw==}
    engines: {node: '>=14.17'}
    hasBin: true

  undici-types@7.16.0:
    resolution: {integrity: sha512-Zz+aZWSj8LE6zoxD+xrjh4VfkIG8Ya6LvYkZqtUQGJPZjYl53ypCaUwWqo7eI0x66KBGeRo+mlBEkMSeSZ38Nw==}

snapshots:

  '@tsconfig/node-ts@23.6.2': {}

  '@tsconfig/node22@22.0.5': {}

  '@tsconfig/strictest@2.0.8': {}

  '@types/node@24.10.1':
    dependencies:
      undici-types: 7.16.0

  typescript@5.9.3: {}

  undici-types@7.16.0: {}
